
Microsoft Visual Studio Solution File, Format Version 12.00
# Visual Studio Version 16
VisualStudioVersion = 16.0.31729.503
MinimumVisualStudioVersion = 10.0.40219.1
Project("{9A19103F-16F7-4668-BE54-9A1E7A4F7556}") = "AdminService", "AdminService\AdminService.csproj", "{35669A2B-A354-4D70-8D56-A14543382894}"
EndProject
Project("{9A19103F-16F7-4668-BE54-9A1E7A4F7556}") = "CoreModels", "CoreModels\CoreModels.csproj", "{45D66317-9135-46A3-A387-5751E1F5C61D}"
EndProject
Project("{9A19103F-16F7-4668-BE54-9A1E7A4F7556}") = "Repositories", "Repositories\Repositories.csproj", "{93691B79-9EB9-4E39-ADB1-27463A85D552}"
EndProject
Project("{9A19103F-16F7-4668-BE54-9A1E7A4F7556}") = "AuthenticationService", "AuthenticationService\AuthenticationService.csproj", "{47834C58-1DBD-4F4C-825A-49DE14EF988D}"
EndProject
Project("{9A19103F-16F7-4668-BE54-9A1E7A4F7556}") = "LoginAndRegistrationService", "LoginAndRegistrationService\LoginAndRegistrationService.csproj", "{55AF6A5B-82C1-4CB3-8FBD-1ACFFA53CD07}"
EndProject
Global
	GlobalSection(SolutionConfigurationPlatforms) = preSolution
		Debug|Any CPU = Debug|Any CPU
		Release|Any CPU = Release|Any CPU
	EndGlobalSection
	GlobalSection(ProjectConfigurationPlatforms) = postSolution
		{35669A2B-A354-4D70-8D56-A14543382894}.Debug|Any CPU.ActiveCfg = Debug|Any CPU
		{35669A2B-A354-4D70-8D56-A14543382894}.Debug|Any CPU.Build.0 = Debug|Any CPU
		{35669A2B-A354-4D70-8D56-A14543382894}.Release|Any CPU.ActiveCfg = Release|Any CPU
		{35669A2B-A354-4D70-8D56-A14543382894}.Release|Any CPU.Build.0 = Release|Any CPU
		{45D66317-9135-46A3-A387-5751E1F5C61D}.Debug|Any CPU.ActiveCfg = Debug|Any CPU
		{45D66317-9135-46A3-A387-5751E1F5C61D}.Debug|Any CPU.Build.0 = Debug|Any CPU
		{45D66317-9135-46A3-A387-5751E1F5C61D}.Release|Any CPU.ActiveCfg = Release|Any CPU
		{45D66317-9135-46A3-A387-5751E1F5C61D}.Release|Any CPU.Build.0 = Release|Any CPU
		{93691B79-9EB9-4E39-ADB1-27463A85D552}.Debug|Any CPU.ActiveCfg = Debug|Any CPU
		{93691B79-9EB9-4E39-ADB1-27463A85D552}.Debug|Any CPU.Build.0 = Debug|Any CPU
		{93691B79-9EB9-4E39-ADB1-27463A85D552}.Release|Any CPU.ActiveCfg = Release|Any CPU
		{93691B79-9EB9-4E39-ADB1-27463A85D552}.Release|Any CPU.Build.0 = Release|Any CPU
		{47834C58-1DBD-4F4C-825A-49DE14EF988D}.Debug|Any CPU.ActiveCfg = Debug|Any CPU
		{47834C58-1DBD-4F4C-825A-49DE14EF988D}.Debug|Any CPU.Build.0 = Debug|Any CPU
		{47834C58-1DBD-4F4C-825A-49DE14EF988D}.Release|Any CPU.ActiveCfg = Release|Any CPU
		{47834C58-1DBD-4F4C-825A-49DE14EF988D}.Release|Any CPU.Build.0 = Release|Any CPU
		{55AF6A5B-82C1-4CB3-8FBD-1ACFFA53CD07}.Debug|Any CPU.ActiveCfg = Debug|Any CPU
		{55AF6A5B-82C1-4CB3-8FBD-1ACFFA53CD07}.Debug|Any CPU.Build.0 = Debug|Any CPU
		{55AF6A5B-82C1-4CB3-8FBD-1ACFFA53CD07}.Release|Any CPU.ActiveCfg = Release|Any CPU
		{55AF6A5B-82C1-4CB3-8FBD-1ACFFA53CD07}.Release|Any CPU.Build.0 = Release|Any CPU
	EndGlobalSection
	GlobalSection(SolutionProperties) = preSolution
		HideSolutionNode = FALSE
	EndGlobalSection
	GlobalSection(ExtensibilityGlobals) = postSolution
		SolutionGuid = {9BA4AA61-EF7C-40FE-BE49-1F18E34363F5}
	EndGlobalSection
EndGlobal
