
Microsoft Visual Studio Solution File, Format Version 12.00
# Visual Studio Version 16
VisualStudioVersion = 16.0.31729.503
MinimumVisualStudioVersion = 10.0.40219.1
Project("{9A19103F-16F7-4668-BE54-9A1E7A4F7556}") = "CoreModels", "CoreModels\CoreModels.csproj", "{45D66317-9135-46A3-A387-5751E1F5C61D}"
EndProject
Project("{9A19103F-16F7-4668-BE54-9A1E7A4F7556}") = "Repositories", "Repositories\Repositories.csproj", "{93691B79-9EB9-4E39-ADB1-27463A85D552}"
EndProject
Project("{9A19103F-16F7-4668-BE54-9A1E7A4F7556}") = "UserManagerService", "UserManagerService\UserManagerService.csproj", "{B1D3EBF2-187A-474D-BFDC-5F86091A82B6}"
EndProject
Project("{9A19103F-16F7-4668-BE54-9A1E7A4F7556}") = "AirlineAPIGateway", "AirlineAPIGateway\AirlineAPIGateway.csproj", "{C6E1F6A5-3554-4091-AEC4-FD2504F54622}"
EndProject
Project("{9A19103F-16F7-4668-BE54-9A1E7A4F7556}") = "CommonShared", "CommonShared\CommonShared.csproj", "{CB77C3E1-54AC-439C-B5A3-D43C9DCAB479}"
EndProject
Project("{9A19103F-16F7-4668-BE54-9A1E7A4F7556}") = "AdministrationService", "AdministrationService\AdministrationService.csproj", "{7D344D11-2B6A-4683-A939-04D0128E1FDD}"
EndProject
Project("{FAE04EC0-301F-11D3-BF4B-00C04F79EFBC}") = "BookingService", "BookingService\BookingService.csproj", "{D802DEE6-5227-4FF8-BAFE-936578C937FC}"
EndProject
Global
	GlobalSection(SolutionConfigurationPlatforms) = preSolution
		Debug|Any CPU = Debug|Any CPU
		Release|Any CPU = Release|Any CPU
	EndGlobalSection
	GlobalSection(ProjectConfigurationPlatforms) = postSolution
		{45D66317-9135-46A3-A387-5751E1F5C61D}.Debug|Any CPU.ActiveCfg = Debug|Any CPU
		{45D66317-9135-46A3-A387-5751E1F5C61D}.Debug|Any CPU.Build.0 = Debug|Any CPU
		{45D66317-9135-46A3-A387-5751E1F5C61D}.Release|Any CPU.ActiveCfg = Release|Any CPU
		{45D66317-9135-46A3-A387-5751E1F5C61D}.Release|Any CPU.Build.0 = Release|Any CPU
		{93691B79-9EB9-4E39-ADB1-27463A85D552}.Debug|Any CPU.ActiveCfg = Debug|Any CPU
		{93691B79-9EB9-4E39-ADB1-27463A85D552}.Debug|Any CPU.Build.0 = Debug|Any CPU
		{93691B79-9EB9-4E39-ADB1-27463A85D552}.Release|Any CPU.ActiveCfg = Release|Any CPU
		{93691B79-9EB9-4E39-ADB1-27463A85D552}.Release|Any CPU.Build.0 = Release|Any CPU
		{B1D3EBF2-187A-474D-BFDC-5F86091A82B6}.Debug|Any CPU.ActiveCfg = Debug|Any CPU
		{B1D3EBF2-187A-474D-BFDC-5F86091A82B6}.Debug|Any CPU.Build.0 = Debug|Any CPU
		{B1D3EBF2-187A-474D-BFDC-5F86091A82B6}.Release|Any CPU.ActiveCfg = Release|Any CPU
		{B1D3EBF2-187A-474D-BFDC-5F86091A82B6}.Release|Any CPU.Build.0 = Release|Any CPU
		{C6E1F6A5-3554-4091-AEC4-FD2504F54622}.Debug|Any CPU.ActiveCfg = Debug|Any CPU
		{C6E1F6A5-3554-4091-AEC4-FD2504F54622}.Debug|Any CPU.Build.0 = Debug|Any CPU
		{C6E1F6A5-3554-4091-AEC4-FD2504F54622}.Release|Any CPU.ActiveCfg = Release|Any CPU
		{C6E1F6A5-3554-4091-AEC4-FD2504F54622}.Release|Any CPU.Build.0 = Release|Any CPU
		{CB77C3E1-54AC-439C-B5A3-D43C9DCAB479}.Debug|Any CPU.ActiveCfg = Debug|Any CPU
		{CB77C3E1-54AC-439C-B5A3-D43C9DCAB479}.Debug|Any CPU.Build.0 = Debug|Any CPU
		{CB77C3E1-54AC-439C-B5A3-D43C9DCAB479}.Release|Any CPU.ActiveCfg = Release|Any CPU
		{CB77C3E1-54AC-439C-B5A3-D43C9DCAB479}.Release|Any CPU.Build.0 = Release|Any CPU
		{7D344D11-2B6A-4683-A939-04D0128E1FDD}.Debug|Any CPU.ActiveCfg = Debug|Any CPU
		{7D344D11-2B6A-4683-A939-04D0128E1FDD}.Debug|Any CPU.Build.0 = Debug|Any CPU
		{7D344D11-2B6A-4683-A939-04D0128E1FDD}.Release|Any CPU.ActiveCfg = Release|Any CPU
		{7D344D11-2B6A-4683-A939-04D0128E1FDD}.Release|Any CPU.Build.0 = Release|Any CPU
		{D802DEE6-5227-4FF8-BAFE-936578C937FC}.Debug|Any CPU.ActiveCfg = Debug|Any CPU
		{D802DEE6-5227-4FF8-BAFE-936578C937FC}.Debug|Any CPU.Build.0 = Debug|Any CPU
		{D802DEE6-5227-4FF8-BAFE-936578C937FC}.Release|Any CPU.ActiveCfg = Release|Any CPU
		{D802DEE6-5227-4FF8-BAFE-936578C937FC}.Release|Any CPU.Build.0 = Release|Any CPU
	EndGlobalSection
	GlobalSection(SolutionProperties) = preSolution
		HideSolutionNode = FALSE
	EndGlobalSection
	GlobalSection(ExtensibilityGlobals) = postSolution
		SolutionGuid = {9BA4AA61-EF7C-40FE-BE49-1F18E34363F5}
	EndGlobalSection
EndGlobal
